// !$*UTF8*$!
{
	archiveVersion = 1;
	classes = {
	};
	objectVersion = 56;
	objects = {

/* Begin PBXBuildFile section */
		FA01010101010101 /* FitnessTrackerApp.swift in Sources */ = {isa = PBXBuildFile; fileRef = FA01010101010100 /* FitnessTrackerApp.swift */; };
		FA01010101010103 /* ContentView.swift in Sources */ = {isa = PBXBuildFile; fileRef = FA01010101010102 /* ContentView.swift */; };
		FA01010101010105 /* Assets.xcassets in Resources */ = {isa = PBXBuildFile; fileRef = FA01010101010104 /* Assets.xcassets */; };
		FA01010101010108 /* Preview Assets.xcassets in Resources */ = {isa = PBXBuildFile; fileRef = FA01010101010107 /* Preview Assets.xcassets */; };
		FA02020202020201 /* AuthView.swift in Sources */ = {isa = PBXBuildFile; fileRef = FA02020202020200 /* AuthView.swift */; };
		FA03030303030301 /* HomeView.swift in Sources */ = {isa = PBXBuildFile; fileRef = FA03030303030300 /* HomeView.swift */; };
		FA04040404040401 /* ProfileView.swift in Sources */ = {isa = PBXBuildFile; fileRef = FA04040404040400 /* ProfileView.swift */; };
		FA05050505050501 /* OnboardingView.swift in Sources */ = {isa = PBXBuildFile; fileRef = FA05050505050500 /* OnboardingView.swift */; };
		FA06060606060601 /* AddActivityView.swift in Sources */ = {isa = PBXBuildFile; fileRef = FA06060606060600 /* AddActivityView.swift */; };
		FA07070707070701 /* AddMacrosView.swift in Sources */ = {isa = PBXBuildFile; fileRef = FA07070707070700 /* AddMacrosView.swift */; };
		FA08080808080801 /* NetworkManager.swift in Sources */ = {isa = PBXBuildFile; fileRef = FA08080808080800 /* NetworkManager.swift */; };
		FA09090909090901 /* AuthManager.swift in Sources */ = {isa = PBXBuildFile; fileRef = FA09090909090900 /* AuthManager.swift */; };
		FA10101010101001 /* BiometricManager.swift in Sources */ = {isa = PBXBuildFile; fileRef = FA10101010101000 /* BiometricManager.swift */; };
		FA11111111111101 /* DataModels.swift in Sources */ = {isa = PBXBuildFile; fileRef = FA11111111111100 /* DataModels.swift */; };
		FA12121212121201 /* MetricsView.swift in Sources */ = {isa = PBXBuildFile; fileRef = FA12121212121200 /* MetricsView.swift */; };
		FA13131313131301 /* PhotosView.swift in Sources */ = {isa = PBXBuildFile; fileRef = FA13131313131300 /* PhotosView.swift */; };
		FA14141414141401 /* TabBarView.swift in Sources */ = {isa = PBXBuildFile; fileRef = FA14141414141400 /* TabBarView.swift */; };
/* End PBXBuildFile section */

/* Begin PBXFileReference section */
		FA0101010101010F /* FitnessTracker.app */ = {isa = PBXFileReference; explicitFileType = wrapper.application; includeInIndex = 0; path = FitnessTracker.app; sourceTree = BUILT_PRODUCTS_DIR; };
		FA01010101010100 /* FitnessTrackerApp.swift */ = {isa = PBXFileReference; lastKnownFileType = sourcecode.swift; path = FitnessTrackerApp.swift; sourceTree = "<group>"; };
		FA01010101010102 /* ContentView.swift */ = {isa = PBXFileReference; lastKnownFileType = sourcecode.swift; path = ContentView.swift; sourceTree = "<group>"; };
		FA01010101010104 /* Assets.xcassets */ = {isa = PBXFileReference; lastKnownFileType = folder.assetcatalog; path = Assets.xcassets; sourceTree = "<group>"; };
		FA01010101010107 /* Preview Assets.xcassets */ = {isa = PBXFileReference; lastKnownFileType = folder.assetcatalog; path = "Preview Assets.xcassets"; sourceTree = "<group>"; };
		FA02020202020200 /* AuthView.swift */ = {isa = PBXFileReference; lastKnownFileType = sourcecode.swift; path = AuthView.swift; sourceTree = "<group>"; };
		FA03030303030300 /* HomeView.swift */ = {isa = PBXFileReference; lastKnownFileType = sourcecode.swift; path = HomeView.swift; sourceTree = "<group>"; };
		FA04040404040400 /* ProfileView.swift */ = {isa = PBXFileReference; lastKnownFileType = sourcecode.swift; path = ProfileView.swift; sourceTree = "<group>"; };
		FA05050505050500 /* OnboardingView.swift */ = {isa = PBXFileReference; lastKnownFileType = sourcecode.swift; path = OnboardingView.swift; sourceTree = "<group>"; };
		FA06060606060600 /* AddActivityView.swift */ = {isa = PBXFileReference; lastKnownFileType = sourcecode.swift; path = AddActivityView.swift; sourceTree = "<group>"; };
		FA07070707070700 /* AddMacrosView.swift */ = {isa = PBXFileReference; lastKnownFileType = sourcecode.swift; path = AddMacrosView.swift; sourceTree = "<group>"; };
		FA08080808080800 /* NetworkManager.swift */ = {isa = PBXFileReference; lastKnownFileType = sourcecode.swift; path = NetworkManager.swift; sourceTree = "<group>"; };
		FA09090909090900 /* AuthManager.swift */ = {isa = PBXFileReference; lastKnownFileType = sourcecode.swift; path = AuthManager.swift; sourceTree = "<group>"; };
		FA10101010101000 /* BiometricManager.swift */ = {isa = PBXFileReference; lastKnownFileType = sourcecode.swift; path = BiometricManager.swift; sourceTree = "<group>"; };
		FA11111111111100 /* DataModels.swift */ = {isa = PBXFileReference; lastKnownFileType = sourcecode.swift; path = DataModels.swift; sourceTree = "<group>"; };
		FA12121212121200 /* MetricsView.swift */ = {isa = PBXFileReference; lastKnownFileType = sourcecode.swift; path = MetricsView.swift; sourceTree = "<group>"; };
		FA13131313131300 /* PhotosView.swift */ = {isa = PBXFileReference; lastKnownFileType = sourcecode.swift; path = PhotosView.swift; sourceTree = "<group>"; };
		FA14141414141400 /* TabBarView.swift */ = {isa = PBXFileReference; lastKnownFileType = sourcecode.swift; path = TabBarView.swift; sourceTree = "<group>"; };
		FA15151515151500 /* Info.plist */ = {isa = PBXFileReference; lastKnownFileType = text.plist.xml; path = Info.plist; sourceTree = "<group>"; };
/* End PBXFileReference section */

/* Begin PBXFrameworksBuildPhase section */
		FA0101010101010C /* Frameworks */ = {
			isa = PBXFrameworksBuildPhase;
			buildActionMask = 2147483647;
			files = (
			);
			runOnlyForDeploymentPostprocessing = 0;
		};
/* End PBXFrameworksBuildPhase section */

/* Begin PBXGroup section */
		FA01010101010003 = {
			isa = PBXGroup;
			children = (
				FA0101010101010E /* FitnessTracker */,
				FA01010101010010 /* Products */,
			);
			sourceTree = "<group>";
		};
		FA01010101010010 /* Products */ = {
			isa = PBXGroup;
			children = (
				FA0101010101010F /* FitnessTracker.app */,
			);
			name = Products;
			sourceTree = "<group>";
		};
		FA0101010101010E /* FitnessTracker */ = {
			isa = PBXGroup;
			children = (
				FA15151515151500 /* Info.plist */,
				FA01010101010100 /* FitnessTrackerApp.swift */,
				FA01010101010102 /* ContentView.swift */,
				FA20202020202000 /* Views */,
				FA30303030303000 /* Managers */,
				FA40404040404000 /* Models */,
				FA01010101010104 /* Assets.xcassets */,
				FA01010101010106 /* Preview Content */,
			);
			path = FitnessTracker;
			sourceTree = "<group>";
		};
		FA01010101010106 /* Preview Content */ = {
			isa = PBXGroup;
			children = (
				FA01010101010107 /* Preview Assets.xcassets */,
			);
			path = "Preview Content";
			sourceTree = "<group>";
		};
		FA20202020202000 /* Views */ = {
			isa = PBXGroup;
			children = (
				FA02020202020200 /* AuthView.swift */,
				FA03030303030300 /* HomeView.swift */,
				FA04040404040400 /* ProfileView.swift */,
				FA05050505050500 /* OnboardingView.swift */,
				FA06060606060600 /* AddActivityView.swift */,
				FA07070707070700 /* AddMacrosView.swift */,
				FA12121212121200 /* MetricsView.swift */,
				FA13131313131300 /* PhotosView.swift */,
				FA14141414141400 /* TabBarView.swift */,
			);
			path = Views;
			sourceTree = "<group>";
		};
		FA30303030303000 /* Managers */ = {
			isa = PBXGroup;
			children = (
				FA08080808080800 /* NetworkManager.swift */,
				FA09090909090900 /* AuthManager.swift */,
				FA10101010101000 /* BiometricManager.swift */,
			);
			path = Managers;
			sourceTree = "<group>";
		};
		FA40404040404000 /* Models */ = {
			isa = PBXGroup;
			children = (
				FA11111111111100 /* DataModels.swift */,
			);
			path = Models;
			sourceTree = "<group>";
		};
/* End PBXGroup section */

/* Begin PBXNativeTarget section */
		FA0101010101010E /* FitnessTracker */ = {
			isa = PBXNativeTarget;
			buildConfigurationList = FA0101010101011B /* Build configuration list for PBXNativeTarget "FitnessTracker" */;
			buildPhases = (
				FA0101010101010B /* Sources */,
				FA0101010101010C /* Frameworks */,
				FA0101010101010D /* Resources */,
			);
			buildRules = (
			);
			dependencies = (
			);
			name = FitnessTracker;
			productName = FitnessTracker;
			productReference = FA0101010101010F /* FitnessTracker.app */;
			productType = "com.apple.product-type.application";
		};
/* End PBXNativeTarget section */

/* Begin PBXProject section */
		FA01010101010004 /* Project object */ = {
			isa = PBXProject;
			attributes = {
				BuildIndependentTargetsInParallel = 1;
				LastSwiftUpdateCheck = 1500;
				LastUpgradeCheck = 1500;
				TargetAttributes = {
					FA0101010101010E = {
						CreatedOnToolsVersion = 15.0;
					};
				};
			};
			buildConfigurationList = FA01010101010007 /* Build configuration list for PBXProject "FitnessTracker" */;
			compatibilityVersion = "Xcode 14.0";
			developmentRegion = en;
			hasScannedForEncodings = 0;
			knownRegions = (
				en,
				Base,
			);
			mainGroup = FA01010101010003;
			productRefGroup = FA01010101010010 /* Products */;
			projectDirPath = "";
			projectRoot = "";
			targets = (
				FA0101010101010E /* FitnessTracker */,
			);
		};
/* End PBXProject section */

/* Begin PBXResourcesBuildPhase section */
		FA0101010101010D /* Resources */ = {
			isa = PBXResourcesBuildPhase;
			buildActionMask = 2147483647;
			files = (
				FA01010101010108 /* Preview Assets.xcassets in Resources */,
				FA01010101010105 /* Assets.xcassets in Resources */,
			);
			runOnlyForDeploymentPostprocessing = 0;
		};
/* End PBXResourcesBuildPhase section */

/* Begin PBXSourcesBuildPhase section */
		FA0101010101010B /* Sources */ = {
			isa = PBXSourcesBuildPhase;
			buildActionMask = 2147483647;
			files = (
				FA01010101010103 /* ContentView.swift in Sources */,
				FA01010101010101 /* FitnessTrackerApp.swift in Sources */,
				FA02020202020201 /* AuthView.swift in Sources */,
				FA03030303030301 /* HomeView.swift in Sources */,
				FA04040404040401 /* ProfileView.swift in Sources */,
				FA05050505050501 /* OnboardingView.swift in Sources */,
				FA06060606060601 /* AddActivityView.swift in Sources */,
				FA07070707070701 /* AddMacrosView.swift in Sources */,
				FA08080808080801 /* NetworkManager.swift in Sources */,
				FA09090909090901 /* AuthManager.swift in Sources */,
				FA10101010101001 /* BiometricManager.swift in Sources */,
				FA11111111111101 /* DataModels.swift in Sources */,
				FA12121212121201 /* MetricsView.swift in Sources */,
				FA13131313131301 /* PhotosView.swift in Sources */,
				FA14141414141401 /* TabBarView.swift in Sources */,
			);
			runOnlyForDeploymentPostprocessing = 0;
		};
/* End PBXSourcesBuildPhase section */

/* Begin XCBuildConfiguration section */
		FA01010101010019 /* Debug */ = {
			isa = XCBuildConfiguration;
			buildSettings = {
				ALWAYS_SEARCH_USER_PATHS = NO;
				ASSETCATALOG_COMPILER_GENERATE_SWIFT_ASSET_SYMBOL_EXTENSIONS = YES;
				CLANG_ANALYZER_NONNULL = YES;
				CLANG_ANALYZER_NUMBER_OBJECT_CONVERSION = YES_AGGRESSIVE;
				CLANG_CXX_LANGUAGE_STANDARD = "gnu++20";
				CLANG_ENABLE_MODULES = YES;
				CLANG_ENABLE_OBJC_ARC = YES;
				CLANG_ENABLE_OBJC_WEAK = YES;
				CLANG_WARN_BLOCK_CAPTURE_AUTORELEASING = YES;
				CLANG_WARN_BOOL_CONVERSION = YES;
				CLANG_WARN_COMMA = YES;
				CLANG_WARN_CONSTANT_CONVERSION = YES;
				CLANG_WARN_DEPRECATED_OBJC_IMPLEMENTATIONS = YES;
				CLANG_WARN_DIRECT_OBJC_ISA_USAGE = YES_ERROR;
				CLANG_WARN_DOCUMENTATION_COMMENTS = YES;
				CLANG_WARN_EMPTY_BODY = YES;
				CLANG_WARN_ENUM_CONVERSION = YES;
				CLANG_WARN_INFINITE_RECURSION = YES;
				CLANG_WARN_INT_CONVERSION = YES;
				CLANG_WARN_NON_LITERAL_NULL_CONVERSION = YES;
				CLANG_WARN_OBJC_IMPLICIT_RETAIN_SELF = YES;
				CLANG_WARN_OBJC_LITERAL_CONVERSION = YES;
				CLANG_WARN_OBJC_ROOT_CLASS = YES_ERROR;
				CLANG_WARN_QUOTED_INCLUDE_IN_FRAMEWORK_HEADER = YES;
				CLANG_WARN_RANGE_LOOP_ANALYSIS = YES;
				CLANG_WARN_STRICT_PROTOTYPES = YES;
				CLANG_WARN_SUSPICIOUS_MOVE = YES;
				CLANG_WARN_UNGUARDED_AVAILABILITY = YES_AGGRESSIVE;
				CLANG_WARN_UNREACHABLE_CODE = YES;
				CLANG_WARN__DUPLICATE_METHOD_MATCH = YES;
				COPY_PHASE_STRIP = NO;
				DEBUG_INFORMATION_FORMAT = dwarf;
				ENABLE_STRICT_OBJC_MSGSEND = YES;
				ENABLE_TESTABILITY = YES;
				ENABLE_USER_SCRIPT_SANDBOXING = YES;
				GCC_C_LANGUAGE_STANDARD = gnu17;
				GCC_DYNAMIC_NO_PIC = NO;
				GCC_NO_COMMON_BLOCKS = YES;
				GCC_OPTIMIZATION_LEVEL = 0;
				GCC_PREPROCESSOR_DEFINITIONS = (
					"DEBUG=1",
					"$(inherited)",
				);
				GCC_WARN_64_TO_32_BIT_CONVERSION = YES;
				GCC_WARN_ABOUT_RETURN_TYPE = YES_ERROR;
				GCC_WARN_UNDECLARED_SELECTOR = YES;
				GCC_WARN_UNINITIALIZED_AUTOS = YES_AGGRESSIVE;
				GCC_WARN_UNUSED_FUNCTION = YES;
				GCC_WARN_UNUSED_VARIABLE = YES;
				IPHONEOS_DEPLOYMENT_TARGET = 16.0;
				LOCALIZATION_PREFERS_STRING_CATALOGS = YES;
				MTL_ENABLE_DEBUG_INFO = INCLUDE_SOURCE;
				MTL_FAST_MATH = YES;
				ONLY_ACTIVE_ARCH = YES;
				SDKROOT = iphoneos;
				SWIFT_ACTIVE_COMPILATION_CONDITIONS = "DEBUG $(inherited)";
				SWIFT_OPTIMIZATION_LEVEL = "-Onone";
			};
			name = Debug;
		};
		FA0101010101001A /* Release */ = {
			isa = XCBuildConfiguration;
			buildSettings = {
				ALWAYS_SEARCH_USER_PATHS = NO;
				ASSETCATALOG_COMPILER_GENERATE_SWIFT_ASSET_SYMBOL_EXTENSIONS = YES;
				CLANG_ANALYZER_NONNULL = YES;
				CLANG_ANALYZER_NUMBER_OBJECT_CONVERSION = YES_AGGRESSIVE;
				CLANG_CXX_LANGUAGE_STANDARD = "gnu++20";
				CLANG_ENABLE_MODULES = YES;
				CLANG_ENABLE_OBJC_ARC = YES;
				CLANG_ENABLE_OBJC_WEAK = YES;
				CLANG_WARN_BLOCK_CAPTURE_AUTORELEASING = YES;
				CLANG_WARN_BOOL_CONVERSION = YES;
				CLANG_WARN_COMMA = YES;
				CLANG_WARN_CONSTANT_CONVERSION = YES;
				CLANG_WARN_DEPRECATED_OBJC_IMPLEMENTATIONS = YES;
				CLANG_WARN_DIRECT_OBJC_ISA_USAGE = YES_ERROR;
				CLANG_WARN_DOCUMENTATION_COMMENTS = YES;
				CLANG_WARN_EMPTY_BODY = YES;
				CLANG_WARN_ENUM_CONVERSION = YES;
				CLANG_WARN_INFINITE_RECURSION = YES;
				CLANG_WARN_INT_CONVERSION = YES;
				CLANG_WARN_NON_LITERAL_NULL_CONVERSION = YES;
				CLANG_WARN_OBJC_IMPLICIT_RETAIN_SELF = YES;
				CLANG_WARN_OBJC_LITERAL_CONVERSION = YES;
				CLANG_WARN_OBJC_ROOT_CLASS = YES_ERROR;
				CLANG_WARN_QUOTED_INCLUDE_IN_FRAMEWORK_HEADER = YES;
				CLANG_WARN_RANGE_LOOP_ANALYSIS = YES;
				CLANG_WARN_STRICT_PROTOTYPES = YES;
				CLANG_WARN_SUSPICIOUS_MOVE = YES;
				CLANG_WARN_UNGUARDED_AVAILABILITY = YES_AGGRESSIVE;
				CLANG_WARN_UNREACHABLE_CODE = YES;
				CLANG_WARN__DUPLICATE_METHOD_MATCH = YES;
				COPY_PHASE_STRIP = NO;
				DEBUG_INFORMATION_FORMAT = "dwarf-with-dsym";
				ENABLE_NS_ASSERTIONS = NO;
				ENABLE_STRICT_OBJC_MSGSEND = YES;
				ENABLE_USER_SCRIPT_SANDBOXING = YES;
				GCC_C_LANGUAGE_STANDARD = gnu17;
				GCC_NO_COMMON_BLOCKS = YES;
				GCC_WARN_64_TO_32_BIT_CONVERSION = YES;
				GCC_WARN_ABOUT_RETURN_TYPE = YES_ERROR;
				GCC_WARN_UNDECLARED_SELECTOR = YES;
				GCC_WARN_UNINITIALIZED_AUTOS = YES_AGGRESSIVE;
				GCC_WARN_UNUSED_FUNCTION = YES;
				GCC_WARN_UNUSED_VARIABLE = YES;
				IPHONEOS_DEPLOYMENT_TARGET = 16.0;
				LOCALIZATION_PREFERS_STRING_CATALOGS = YES;
				MTL_ENABLE_DEBUG_INFO = NO;
				MTL_FAST_MATH = YES;
				SDKROOT = iphoneos;
				SWIFT_COMPILATION_MODE = wholemodule;
				VALIDATE_PRODUCT = YES;
			};
			name = Release;
		};
		FA0101010101001C /* Debug */ = {
			isa = XCBuildConfiguration;
			buildSettings = {
				ASSETCATALOG_COMPILER_APPICON_NAME = AppIcon;
				ASSETCATALOG_COMPILER_GLOBAL_ACCENT_COLOR_NAME = AccentColor;
				CODE_SIGN_STYLE = Automatic;
				CURRENT_PROJECT_VERSION = 1;
				DEVELOPMENT_ASSET_PATHS = "\"FitnessTracker/Preview Content\"";
				ENABLE_PREVIEWS = YES;
				GENERATE_INFOPLIST_FILE = YES;
				INFOPLIST_FILE = FitnessTracker/Info.plist;
				INFOPLIST_KEY_NSCameraUsageDescription = "This app needs camera access to take progress photos.";
				INFOPLIST_KEY_NSPhotoLibraryUsageDescription = "This app needs photo library access to save and view progress photos.";
				INFOPLIST_KEY_NSFaceIDUsageDescription = "Use Face ID to securely access your fitness data.";
				INFOPLIST_KEY_UIApplicationSceneManifest_Generation = YES;
				INFOPLIST_KEY_UIApplicationSupportsIndirectInputEvents = YES;
				INFOPLIST_KEY_UILaunchScreen_Generation = YES;
				INFOPLIST_KEY_UISupportedInterfaceOrientations_iPad = "UIInterfaceOrientationPortrait UIInterfaceOrientationPortraitUpsideDown UIInterfaceOrientationLandscapeLeft UIInterfaceOrientationLandscapeRight";
				INFOPLIST_KEY_UISupportedInterfaceOrientations_iPhone = "UIInterfaceOrientationPortrait UIInterfaceOrientationLandscapeLeft UIInterfaceOrientationLandscapeRight";
				LD_RUNPATH_SEARCH_PATHS = (
					"$(inherited)",
					"@executable_path/Frameworks",
				);
				MARKETING_VERSION = 1.0;
				PRODUCT_BUNDLE_IDENTIFIER = com.company.FitnessTracker;
				PRODUCT_NAME = "$(TARGET_NAME)";
				SWIFT_EMIT_LOC_STRINGS = YES;
				SWIFT_VERSION = 5.0;
				TARGETED_DEVICE_FAMILY = "1,2";
			};
			name = Debug;
		};
		FA0101010101001D /* Release */ = {
			isa = XCBuildConfiguration;
			buildSettings = {
				ASSETCATALOG_COMPILER_APPICON_NAME = AppIcon;
				ASSETCATALOG_COMPILER_GLOBAL_ACCENT_COLOR_NAME = AccentColor;
				CODE_SIGN_STYLE = Automatic;
				CURRENT_PROJECT_VERSION = 1;
				DEVELOPMENT_ASSET_PATHS = "\"FitnessTracker/Preview Content\"";
				ENABLE_PREVIEWS = YES;
				GENERATE_INFOPLIST_FILE = YES;
				INFOPLIST_FILE = FitnessTracker/Info.plist;
				INFOPLIST_KEY_NSCameraUsageDescription = "This app needs camera access to take progress photos.";
				INFOPLIST_KEY_NSPhotoLibraryUsageDescription = "This app needs photo library access to save and view progress photos.";
				INFOPLIST_KEY_NSFaceIDUsageDescription = "Use Face ID to securely access your fitness data.";
				INFOPLIST_KEY_UIApplicationSceneManifest_Generation = YES;
				INFOPLIST_KEY_UIApplicationSupportsIndirectInputEvents = YES;
				INFOPLIST_KEY_UILaunchScreen_Generation = YES;
				INFOPLIST_KEY_UISupportedInterfaceOrientations_iPad = "UIInterfaceOrientationPortrait UIInterfaceOrientationPortraitUpsideDown UIInterfaceOrientationLandscapeLeft UIInterfaceOrientationLandscapeRight";
				INFOPLIST_KEY_UISupportedInterfaceOrientations_iPhone = "UIInterfaceOrientationPortrait UIInterfaceOrientationLandscapeLeft UIInterfaceOrientationLandscapeRight";
				LD_RUNPATH_SEARCH_PATHS = (
					"$(inherited)",
					"@executable_path/Frameworks",
				);
				MARKETING_VERSION = 1.0;
				PRODUCT_BUNDLE_IDENTIFIER = com.company.FitnessTracker;
				PRODUCT_NAME = "$(TARGET_NAME)";
				SWIFT_EMIT_LOC_STRINGS = YES;
				SWIFT_VERSION = 5.0;
				TARGETED_DEVICE_FAMILY = "1,2";
			};
			name = Release;
		};
/* End XCBuildConfiguration section */

/* Begin XCConfigurationList section */
		FA01010101010007 /* Build configuration list for PBXProject "FitnessTracker" */ = {
			isa = XCConfigurationList;
			buildConfigurations = (
				FA01010101010019 /* Debug */,
				FA0101010101001A /* Release */,
			);
			defaultConfigurationIsVisible = 0;
			defaultConfigurationName = Release;
		};
		FA0101010101011B /* Build configuration list for PBXNativeTarget "FitnessTracker" */ = {
			isa = XCConfigurationList;
			buildConfigurations = (
				FA0101010101001C /* Debug */,
				FA0101010101001D /* Release */,
			);
			defaultConfigurationIsVisible = 0;
			defaultConfigurationName = Release;
		};
/* End XCConfigurationList section */
	};
	rootObject = FA01010101010004 /* Project object */;
}